{"SurveyEntry":{"SurveyID":"SV_87VimtDweqyekxT","SurveyName":"DEV MOOClet template","SurveyDescription":null,"SurveyOwnerID":"UR_2bG3r7WoIEGjP2B","SurveyBrandID":"harvard","DivisionID":"DV_8dpaRpPHqefdNAx","SurveyLanguage":"EN","SurveyActiveResponseSet":"RS_3WQAdrsuUhxvFk1","SurveyStatus":"Inactive","SurveyStartDate":"0000-00-00 00:00:00","SurveyExpirationDate":"0000-00-00 00:00:00","SurveyCreationDate":"2016-09-07 22:31:14","CreatorID":"UR_2bG3r7WoIEGjP2B","LastModified":"2016-12-03 19:14:22","LastAccessed":"0000-00-00 00:00:00","LastActivated":"0000-00-00 00:00:00","Deleted":null},"SurveyElements":[{"SurveyID":"SV_87VimtDweqyekxT","Element":"BL","PrimaryAttribute":"Survey Blocks","SecondaryAttribute":null,"TertiaryAttribute":null,"Payload":[{"Type":"Default","Description":"Question","ID":"BL_bfFZJWukShcc4vz","BlockElements":[{"Type":"Question","QuestionID":"QID1"},{"Type":"Question","QuestionID":"QID5"},{"Type":"Question","QuestionID":"QID6"}]},{"Type":"Trash","Description":"Trash \/ Unused Questions","ID":"BL_cD53IQrCGALkvUp","BlockElements":[{"Type":"Question","QuestionID":"QID10"}]},{"Type":"Standard","SubType":"","Description":"Feedback","ID":"BL_74ck5ENUGkNfNJP","BlockElements":[{"Type":"Question","QuestionID":"QID2"},{"Type":"Question","QuestionID":"QID3"},{"Type":"Question","QuestionID":"QID7"}]},{"Type":"Standard","SubType":"","Description":"Final Result","ID":"BL_0PPaPwiVKEKyjGJ","BlockElements":[{"Type":"Question","QuestionID":"QID9"},{"Type":"Question","QuestionID":"QID12"},{"Type":"Question","QuestionID":"QID11"}],"Options":{"BlockLocking":"false","RandomizeQuestions":"false","PreviousButton":"","previousButtonMID":"","NextButton":"Click here to take the quiz again","nextButtonMID":"","previousButtonLibraryID":"","nextButtonLibraryID":""}}]},{"SurveyID":"SV_87VimtDweqyekxT","Element":"FL","PrimaryAttribute":"Survey Flow","SecondaryAttribute":null,"TertiaryAttribute":null,"Payload":{"Type":"Root","FlowID":"FL_1","Flow":[{"Type":"EmbeddedData","FlowID":"FL_7","EmbeddedData":[{"Description":"question_id","Type":"Custom","Field":"question_id","VariableType":"Nominal","Value":"INSERT_QUESTIONID"},{"Description":"grade","Type":"Custom","Field":"grade","VariableType":"Nominal","Value":"0"},{"Description":"user_id","Type":"Recipient","Field":"user_id","VariableType":"Nominal"},{"Description":"resource_id","Type":"Recipient","Field":"resource_id","VariableType":"Nominal"},{"Description":"quiz_id","Type":"Recipient","Field":"quiz_id","VariableType":"Nominal"},{"Description":"quizsource","Type":"Recipient","Field":"quizsource","VariableType":"Nominal"}]},{"Type":"WebService","FlowID":"FL_3","URL":"https:\/\/adaptive-dev.vpal.io\/api\/get_question","RequestParams":[{"key":"id","value":"${e:\/\/Field\/question_id}"}],"ResponseMap":[{"key":"text","value":"question_text"},{"key":"answer1_text","value":"answer1_text"},{"key":"answer2_text","value":"answer2_text"},{"key":"answer3_text","value":"answer3_text"},{"key":"answer4_text","value":"answer4_text"},{"key":"correct_choice","value":"correct_answer_choice"}],"FireAndForget":false},{"Type":"Block","ID":"BL_bfFZJWukShcc4vz","FlowID":"FL_2"},{"Type":"WebService","FlowID":"FL_4","URL":"https:\/\/adaptive-dev.vpal.io\/api\/get_explanation_for_student","RequestParams":[{"key":"question_id","value":"${e:\/\/Field\/question_id}"},{"key":"answer_choice","value":"${q:\/\/QID1\/SelectedChoicesRecode}"},{"key":"user_id","value":"${e:\/\/Field\/user_id}"}],"ResponseMap":[{"key":"text","value":"explanation_text"},{"key":"explanation_id","value":"explanation_id"},{"key":"version_id","value":"version_id"}],"FireAndForget":false},{"Type":"Standard","ID":"BL_74ck5ENUGkNfNJP","FlowID":"FL_5"},{"Type":"WebService","FlowID":"FL_6","URL":"https:\/\/adaptive-dev.vpal.io\/api\/submit_user_variable","RequestParams":[{"key":"user_id","value":"${e:\/\/Field\/user_id}"},{"key":"token","value":"jjw"},{"key":"student_rating","value":"${q:\/\/QID3\/SelectedChoicesRecode}"},{"key":"content_type","value":"version"},{"key":"object_id","value":"${e:\/\/Field\/version_id}"},{"key":"quizsource","value":"${e:\/\/Field\/quizsource}"}],"ResponseMap":[],"FireAndForget":false},{"Type":"Branch","FlowID":"FL_8","Description":"New Branch","BranchLogic":{"0":{"0":{"LogicType":"EmbeddedField","LeftOperand":"${q:\/\/QID3\/SelectedChoicesRecode}","Operator":"EqualTo","RightOperand":"${e:\/\/Field\/correct_answer_choice}","_HiddenExpression":false,"Type":"Expression","Description":"<span class=\"ConjDesc\">If<\/span> <span class=\"QuestionDesc\"><\/span> <span class=\"LeftOpDesc\">${q:\/\/QID3\/SelectedChoicesRecode}<\/span> Is <span class=\"OpDesc\">Equal to<\/span> <span class=\"RightOpDesc\"> ${e:\/\/Field\/correct_answer_choice} <\/span>"},"Type":"If"},"Type":"BooleanExpression"},"Flow":[{"Type":"EmbeddedData","FlowID":"FL_9","EmbeddedData":[{"Description":"grade","Type":"Custom","Field":"grade","VariableType":"Nominal","Value":"1"}]}]},{"Type":"WebService","FlowID":"FL_10","URL":"http:\/\/adaptive-dev.vpal.io\/api\/submit_quiz_grade","RequestParams":[{"key":"user_id","value":"${e:\/\/Field\/user_id}"},{"key":"quiz_id","value":"${e:\/\/Field\/quiz_id}"},{"key":"grade","value":"${e:\/\/Field\/grade}"},{"key":"quizsource","value":"${e:\/\/Field\/quizsource}"}],"ResponseMap":[],"FireAndForget":false},{"Type":"WebService","FlowID":"FL_13","URL":"http:\/\/adaptive-dev.vpal.io\/api\/update_intermediates","RequestParams":[{"key":"token","value":"jjw"},{"key":"quiz_id","value":"${e:\/\/Field\/quiz_id}"},{"key":"version_id","value":"${e:\/\/Field\/version_id}"},{"key":"question_id","value":"${e:\/\/Field\/question_id}"}],"ResponseMap":[],"FireAndForget":true}],"Properties":{"Count":13}}},{"SurveyID":"SV_87VimtDweqyekxT","Element":"SO","PrimaryAttribute":"Survey Options","SecondaryAttribute":null,"TertiaryAttribute":null,"Payload":{"BackButton":"false","SaveAndContinue":"true","SurveyProtection":"PublicSurvey","BallotBoxStuffingPrevention":"false","NoIndex":"Yes","SecureResponseFiles":"true","SurveyExpiration":null,"SurveyTermination":"DisplayMessage","Header":"<script type=\"text\/javascript\" src=\"https:\/\/cdn.mathjax.org\/mathjax\/latest\/MathJax.js?config=TeX-AMS-MML_HTMLorMML\"><\/script>\n<script type=\"text\/x-mathjax-config\">MathJax.Hub.Config({tex2jax: {inlineMath: [['$','$'], ['\\\\[','\\\\]']]}});<\/script>","Footer":"<span>&nbsp;<\/span>","ProgressBarDisplay":"None","PartialData":"+1 week","ValidationMessage":null,"PreviousButton":"  <<  ","NextButton":"Next","SkinLibrary":"Qualtrics","SkinType":"MQ","Skin":"v4qualtricsplain","NewScoring":1,"libraryId":"UR_2bG3r7WoIEGjP2B","nextButtonMid":"","previousButtonMid":"","headerMid":"","footerMid":"","QuestionsPerPage":"","PageTransition":"Fade","ExternalCSS":"https:\/\/","CustomStyles":{"errorStyles":{"selector":".Skin .ValidationError","styles":{"color":null,"backgroundColor":null,"borderColor":null}},"errorStylesBG":{"selector":".Skin .HeaderValidationError, .Skin .HeaderValidationError li a","styles":{"color":null,"backgroundColor":null}},"pageStyles":{"selector":"#SurveyEngineBody","styles":{"backgroundColor":null}},"textStyles":{"selector":".SkinInner","styles":{"fontFamily":null,"fontSize":null,"fontWeight":null,"fontStyle":null,"textDecoration":null,"color":null}},"questionStyles":{"selector":".Skin .QuestionText","styles":{"fontFamily":null,"fontSize":null,"fontWeight":null,"fontStyle":null,"textDecoration":null,"color":null}},"choiceStyles":{"selector":".Skin .horizontalbar th.ylabel, .Skin .Matrix table td, .Skin .Matrix table th, .Skin .Matrix table thead th, .Skin .Matrix table thead td, .Skin .PGR .DragAndDrop .Items label, .Skin .QuestionBody ul.ChoiceStructure, .Skin .PGR .DragAndDrop .Group ul, .Skin .PGR .DragAndDrop .Group h2, .Skin .PGR .DragAndDrop .Items ul, .Skin .PGR .DragAndDrop .Items h2, .Skin .DD .QuestionBody table.ChoiceStructure, .Skin .PGR .DragAndDrop .NoColumns td.groupsContainerTd div ul, .Skin .PGR .DragAndDrop .NoColumns td.groupsContainerTd div h2, .Skin .SBS thead th, .Skin .SBS td, .Skin .SBS .Answers td, .Skin .SBS .Answers th, .SBS table.ChoiceStructure, .Skin .horizontalbar thead table.LabelDescriptions tr td, .Skin .horizontalbar thead tr td.NotApplicable, .QuestionBody th, .Skin .QuestionBody .MC .MAVR label, .Skin .QuestionBody .MC .SAVR label, .Skin .SBS thead th, .Skin .SBS td, .Skin .RO .DND ul li, .Skin .reg, .SkinInner .ChoiceStructure, .Skin thead, .Skin .GAP .ChoiceStructure thead th, .Skin .GAP .ChoiceStructure .c4, .Skin .GAP .ChoiceStructure th, .Skin .GAP .ChoiceStructure .WhyText, .SkinInner .ChoiceStructure .LightBG, .Skin .QuestionOuter.Highlight .Inner .reg, .Skin .QuestionOuter.Highlight .Inner .alt, .Skin .QuestionOuter.Highlight .Inner .ReadableAlt       ","styles":{"fontFamily":null,"fontSize":null,"fontWeight":null,"fontStyle":null,"textDecoration":null,"color":null}},"headerStyles":{"selector":".Skin div#Header","styles":{"color":null}},"footerStyles":{"selector":".Skin #Footer","styles":{"color":null}},"questionSeparatorStyles":{"selector":".Skin .Separator","styles":{"backgroundColor":null,"display":"block"}},"highlightStyles":{"selector":".Skin .QuestionOuter.Highlight .Inner, .Skin .QuestionOuter.Highlight .Inner .reg, .Skin .QuestionOuter.Highlight .Inner .alt, .Skin .QuestionOuter.Highlight .Inner .ReadableAlt","styles":{"backgroundColor":null}},"highlightStylesAlt":{"selector":".Skin .QuestionOuter.Highlight .Inner .ReadableAlt, .Skin .QuestionOuter.Highlight .Inner .LightBG","styles":{"backgroundColor":null}},"textEntryStyles":{"selector":".Skin select, .Skin .InputText","styles":{"color":null}},"borderStyles":{"selector":".Skin .CS .horizontalbar table.sliderGrid tr.xlabel th, .Skin .CS .horizontalbar .ylabel, .Skin .CS .horizontalbar table.sliderGrid tr td.value, .Skin .Slider .horizontalbar table.sliderGrid tr.xlabel th, .Skin .BorderColor, .Skin .DarkBorderColor, .Skin .Slider .horizontalbar table.sliderGrid tr td.value, .Skin thead, .Skin .GAP .ChoiceStructure thead th  ","styles":{"borderColor":null}},"altRowStyles":{"selector":".Skin .ReadableAlt, .Skin .LightBG","styles":{"backgroundColor":null}},"customCSS":null},"HighlightQuestions":"off","EOSMessage":"MS_8c3OvhNfYsHQb0V","ShowExportTags":"false","CollectGeoLocation":"false","SurveyTitle":"Online Survey Software | Qualtrics Survey Solutions","SurveyMetaDescription":"Qualtrics sophisticated online survey software solutions make creating online surveys easy. Learn more about Research Suite and get a free account today.","PasswordProtection":"No","AnonymizeResponse":"No","Password":"","RefererCheck":"No","RefererURL":"http:\/\/","EOSMessageLibrary":"UR_07b6dZmiMuZwJLv","EOSRedirectURL":"https:\/\/harvard.az1.qualtrics.com\/SE\/?SID=SV_3mG3nOhL8du7DlX&user_id=${e:\/\/Field\/user_id}&question_id=${e:\/\/Field\/question_id}&grade=${e:\/\/Field\/grade}","EmailThankYou":"false","ThankYouEmailMessageLibrary":null,"ThankYouEmailMessage":null,"ValidateMessage":"false","ValidationMessageLibrary":null,"InactiveSurvey":"DefaultMessage","InactiveMessageLibrary":"","InactiveMessage":"","AvailableLanguages":{"EN":[]},"ActiveResponseSet":null,"ProtectSelectionIds":true}},{"SurveyID":"SV_87VimtDweqyekxT","Element":"SCO","PrimaryAttribute":"Scoring","SecondaryAttribute":null,"TertiaryAttribute":null,"Payload":{"ScoringCategories":[],"ScoringCategoryGroups":[],"ScoringSummaryCategory":null,"ScoringSummaryAfterQuestions":0,"ScoringSummaryAfterSurvey":0,"DefaultScoringCategory":null,"AutoScoringCategory":null}},{"SurveyID":"SV_87VimtDweqyekxT","Element":"STAT","PrimaryAttribute":"Survey Statistics","SecondaryAttribute":null,"TertiaryAttribute":null,"Payload":{"MobileCompatible":true,"ID":"Survey Statistics"}},{"SurveyID":"SV_87VimtDweqyekxT","Element":"SQ","PrimaryAttribute":"QID3","SecondaryAttribute":"${e:\/\/Field\/explanation_text} How helpful was the information above, for your learning?","TertiaryAttribute":null,"Payload":{"QuestionText":"<div>${e:\/\/Field\/explanation_text}<\/div><div><br><\/div><div>How helpful was the information above, for your learning?<\/div>","DataExportTag":"Q3","QuestionType":"MC","Selector":"SAHR","SubSelector":"TX","Configuration":{"QuestionDescriptionOption":"UseText","LabelPosition":"BELOW"},"QuestionDescription":"${e:\/\/Field\/explanation_text} How helpful was the information above, for your learning?","Choices":{"1":{"Display":"Completely Unhelpful <br> 0"},"2":{"Display":"1"},"3":{"Display":"2"},"4":{"Display":"3"},"5":{"Display":"4"},"6":{"Display":"5"},"7":{"Display":"6"},"8":{"Display":"7"},"9":{"Display":"8"},"10":{"Display":"9"},"11":{"Display":"Perfectly Helpful <br>10"}},"ChoiceOrder":[1,2,3,4,5,6,7,"8","9","10","11"],"Validation":{"Settings":{"ForceResponse":"OFF","ForceResponseType":"ON","Type":"None"}},"Language":[],"QuestionID":"QID3","RecodeValues":{"1":"0","2":"1","3":"2","4":"3","5":"4","6":"5","7":"6","8":"7","9":"8","10":"9","11":"10"}}},{"SurveyID":"SV_87VimtDweqyekxT","Element":"SQ","PrimaryAttribute":"QID1","SecondaryAttribute":"${e:\/\/Field\/question_text}","TertiaryAttribute":null,"Payload":{"QuestionText":"${e:\/\/Field\/question_text}","DataExportTag":"Q1","QuestionType":"MC","Selector":"SAVR","SubSelector":"TX","Configuration":{"QuestionDescriptionOption":"UseText"},"QuestionDescription":"${e:\/\/Field\/question_text}","Choices":{"1":{"Display":"${e:\/\/Field\/answer1_text}"},"2":{"Display":"${e:\/\/Field\/answer2_text}"},"3":{"Display":"${e:\/\/Field\/answer3_text}"},"4":{"Display":"${e:\/\/Field\/answer4_text}"}},"ChoiceOrder":[1,2,3,4],"Validation":{"Settings":{"ForceResponse":"OFF","ForceResponseType":"ON","Type":"None"}},"Language":[],"QuestionID":"QID1","DynamicChoicesData":[],"Randomization":{"Advanced":null,"Type":"All","TotalRandSubset":""},"QuestionJS":"Qualtrics.SurveyEngine.addOnload(function()\n{\n\t\/*Place Your JavaScript Here*\/\nMathJax.Hub.Queue([\"Typeset\",MathJax.Hub]);\n});"}},{"SurveyID":"SV_87VimtDweqyekxT","Element":"QC","PrimaryAttribute":"Survey Question Count","SecondaryAttribute":"12","TertiaryAttribute":null,"Payload":null},{"SurveyID":"SV_87VimtDweqyekxT","Element":"SQ","PrimaryAttribute":"QID6","SecondaryAttribute":"Browser Meta Info","TertiaryAttribute":null,"Payload":{"QuestionText":"Browser Meta Info","DefaultChoices":false,"DataExportTag":"info","QuestionType":"Meta","Selector":"Browser","Configuration":{"QuestionDescriptionOption":"UseText"},"QuestionDescription":"Browser Meta Info","Choices":{"1":{"Display":"Browser","TextEntry":1},"2":{"Display":"Version","TextEntry":1},"3":{"Display":"Operating System","TextEntry":1},"4":{"Display":"Screen Resolution","TextEntry":1},"5":{"Display":"Flash Version","TextEntry":1},"6":{"Display":"Java Support","TextEntry":1},"7":{"Display":"User Agent","TextEntry":1}},"GradingData":[],"Language":[],"QuestionID":"QID6"}},{"SurveyID":"SV_87VimtDweqyekxT","Element":"RS","PrimaryAttribute":"RS_3WQAdrsuUhxvFk1","SecondaryAttribute":"Default Response Set","TertiaryAttribute":null,"Payload":null},{"SurveyID":"SV_87VimtDweqyekxT","Element":"SQ","PrimaryAttribute":"QID12","SecondaryAttribute":"Here's an explanation about why that answer is correct or incorrect: ${e:\/\/Field\/explanation_text}","TertiaryAttribute":null,"Payload":{"QuestionText":"Here's an explanation about why that answer is correct or incorrect:<div><br><\/div><div>${e:\/\/Field\/explanation_text}<\/div>","DefaultChoices":false,"DataExportTag":"Q10","QuestionID":"QID12","QuestionType":"DB","Selector":"TB","Configuration":{"QuestionDescriptionOption":"UseText"},"QuestionDescription":"Here's an explanation about why that answer is correct or incorrect: ${e:\/\/Field\/explanation_text}","ChoiceOrder":[],"Validation":{"Settings":{"Type":"None"}},"GradingData":[],"Language":[]}},{"SurveyID":"SV_87VimtDweqyekxT","Element":"SQ","PrimaryAttribute":"QID10","SecondaryAttribute":"Here's an explanation about why that answer is correct or incorrect: ...","TertiaryAttribute":null,"Payload":{"QuestionText":"Here's an explanation about why that answer is correct or incorrect:<div><br><\/div><div>${e:\/\/Field\/explanation_text}<\/div><div><br><\/div><div>How would you rate the explanation above?<\/div>","QuestionType":"MC","Selector":"SAHR","SubSelector":"TX","Configuration":{"QuestionDescriptionOption":"UseText","LabelPosition":"BELOW"},"QuestionDescription":"Here's an explanation about why that answer is correct or incorrect: ...","Choices":{"1":{"Display":"Completely Unhelpful <br> 1"},"2":{"Display":"2"},"3":{"Display":"3"},"4":{"Display":"4"},"5":{"Display":"5"},"6":{"Display":"6"},"7":{"Display":"Perfectly Helpful <br> 7"}},"ChoiceOrder":[1,2,3,4,5,6,7],"Validation":{"Settings":{"ForceResponse":"OFF","ForceResponseType":"ON","Type":"None"}},"Language":[],"QuestionText_Unsafe":"Here's an explanation about why that answer is correct or incorrect:<div><br><\/div><div>${e:\/\/Field\/explanation_text}<\/div><div><br><\/div><div>How would you rate the explanation above?<\/div>","DataExportTag":"Q10","QuestionID":"QID10"}},{"SurveyID":"SV_87VimtDweqyekxT","Element":"SQ","PrimaryAttribute":"QID5","SecondaryAttribute":"Timing","TertiaryAttribute":null,"Payload":{"QuestionText":"Timing","DefaultChoices":false,"DataExportTag":"q1time","QuestionType":"Timing","Selector":"PageTimer","Configuration":{"QuestionDescriptionOption":"UseText","MinSeconds":"0","MaxSeconds":"0"},"QuestionDescription":"Timing","Choices":{"1":{"Display":"First Click"},"2":{"Display":"Last Click"},"3":{"Display":"Page Submit"},"4":{"Display":"Click Count"}},"GradingData":[],"Language":[],"QuestionID":"QID5"}},{"SurveyID":"SV_87VimtDweqyekxT","Element":"SQ","PrimaryAttribute":"QID7","SecondaryAttribute":"Timing","TertiaryAttribute":null,"Payload":{"QuestionText":"Timing","DefaultChoices":false,"DataExportTag":"timerating","QuestionType":"Timing","Selector":"PageTimer","Configuration":{"QuestionDescriptionOption":"UseText","MinSeconds":"0","MaxSeconds":"0"},"QuestionDescription":"Timing","Choices":{"1":{"Display":"First Click"},"2":{"Display":"Last Click"},"3":{"Display":"Page Submit"},"4":{"Display":"Click Count"}},"GradingData":[],"Language":[],"QuestionID":"QID7"}},{"SurveyID":"SV_87VimtDweqyekxT","Element":"SQ","PrimaryAttribute":"QID11","SecondaryAttribute":"Timing","TertiaryAttribute":null,"Payload":{"QuestionText":"Timing","DefaultChoices":false,"QuestionType":"Timing","Selector":"PageTimer","Configuration":{"QuestionDescriptionOption":"UseText","MinSeconds":"0","MaxSeconds":"0"},"QuestionDescription":"Timing","Choices":{"1":{"Display":"First Click"},"2":{"Display":"Last Click"},"3":{"Display":"Page Submit"},"4":{"Display":"Click Count"}},"GradingData":[],"Language":[],"QuestionText_Unsafe":"Timing","DataExportTag":"Q11","QuestionID":"QID11"}},{"SurveyID":"SV_87VimtDweqyekxT","Element":"SQ","PrimaryAttribute":"QID2","SecondaryAttribute":"You selected: ","TertiaryAttribute":null,"Payload":{"QuestionText":"You selected:&nbsp;","DataExportTag":"Q2","QuestionType":"MC","Selector":"SAVR","SubSelector":"TX","Configuration":{"QuestionDescriptionOption":"UseText"},"QuestionDescription":"You selected: ","Choices":[],"ChoiceOrder":[],"Validation":{"Settings":{"ForceResponse":"OFF","ForceResponseType":"ON","Type":"None"}},"Language":[],"QuestionID":"QID2","DynamicChoices":{"DynamicType":"ChoiceGroup","Locator":"q:\/\/QID1\/ChoiceGroup\/SelectedChoices","Type":"Dynamic"},"DynamicChoicesData":[],"QuestionJS":"Qualtrics.SurveyEngine.addOnload(function()\n{\n\t\/*Place Your JavaScript Here*\/\nMathJax.Hub.Queue([\"Typeset\",MathJax.Hub]);\n});"}},{"SurveyID":"SV_87VimtDweqyekxT","Element":"SQ","PrimaryAttribute":"QID9","SecondaryAttribute":"You selected: ","TertiaryAttribute":null,"Payload":{"QuestionText":"You selected:&nbsp;","QuestionType":"MC","Selector":"SAVR","SubSelector":"TX","Configuration":{"QuestionDescriptionOption":"UseText"},"QuestionDescription":"You selected: ","Choices":[],"ChoiceOrder":[],"Validation":{"Settings":{"ForceResponse":"OFF","ForceResponseType":"ON","Type":"None"}},"Language":[],"DynamicChoices":{"DynamicType":"ChoiceGroup","Locator":"q:\/\/QID1\/ChoiceGroup\/SelectedChoices","Type":"Dynamic"},"DynamicChoicesData":[],"QuestionText_Unsafe":"You selected:&nbsp;","DataExportTag":"Q9","QuestionID":"QID9"}}]}
