{"SurveyEntry":{"SurveyID":"SV_3mG3nOhL8du7DlX","SurveyName":"New MOOClet template","SurveyDescription":null,"SurveyOwnerID":"UR_2bG3r7WoIEGjP2B","SurveyBrandID":"harvard","DivisionID":"DV_8dpaRpPHqefdNAx","SurveyLanguage":"EN","SurveyActiveResponseSet":"RS_3Q8YTEkbRul8BIF","SurveyStatus":"Active","SurveyStartDate":"0000-00-00 00:00:00","SurveyExpirationDate":"0000-00-00 00:00:00","SurveyCreationDate":"2016-05-19 14:22:13","CreatorID":"UR_2bG3r7WoIEGjP2B","LastModified":"2016-05-19 16:21:52","LastAccessed":"0000-00-00 00:00:00","LastActivated":"2016-05-19 15:30:12","Deleted":null},"SurveyElements":[{"SurveyID":"SV_3mG3nOhL8du7DlX","Element":"BL","PrimaryAttribute":"Survey Blocks","SecondaryAttribute":null,"TertiaryAttribute":null,"Payload":[{"Type":"Default","Description":"Question","ID":"BL_bfFZJWukShcc4vz","BlockElements":[{"Type":"Question","QuestionID":"QID1"},{"Type":"Question","QuestionID":"QID5"},{"Type":"Question","QuestionID":"QID6"}]},{"Type":"Trash","Description":"Trash \/ Unused Questions","ID":"BL_cD53IQrCGALkvUp","BlockElements":[{"Type":"Question","QuestionID":"QID4"}]},{"Type":"Standard","SubType":"","Description":"Feedback","ID":"BL_74ck5ENUGkNfNJP","BlockElements":[{"Type":"Question","QuestionID":"QID2"},{"Type":"Question","QuestionID":"QID3"},{"Type":"Question","QuestionID":"QID7"}]}]},{"SurveyID":"SV_3mG3nOhL8du7DlX","Element":"FL","PrimaryAttribute":"Survey Flow","SecondaryAttribute":null,"TertiaryAttribute":null,"Payload":{"Type":"Root","FlowID":"FL_1","Flow":[{"Type":"EmbeddedData","FlowID":"FL_7","EmbeddedData":[{"Description":"questionId","Type":"Custom","Field":"questionId","VariableType":"Nominal","Value":"INSERT_QUESTIONID"},{"Description":"grade","Type":"Custom","Field":"grade","VariableType":"Nominal","Value":"0"},{"Description":"user_id","Type":"Recipient","Field":"user_id","VariableType":"Nominal"},{"Description":"resource_id","Type":"Recipient","Field":"resource_id","VariableType":"Nominal"}]},{"Type":"WebService","FlowID":"FL_3","URL":"https:\/\/qlb.vpal.io\/adaptive_engine\/get_question","RequestParams":[{"key":"id","value":"${e:\/\/Field\/questionId}"}],"ResponseMap":[{"key":"Text","value":"questionText"},{"key":"answer1","value":"answer1"},{"key":"answer2","value":"answer2"},{"key":"answer3","value":"answer3"},{"key":"answer4","value":"answer4"},{"key":"correct_answer_id","value":"correctAnswerId"}],"FireAndForget":false},{"Type":"Block","ID":"BL_bfFZJWukShcc4vz","FlowID":"FL_2"},{"Type":"WebService","FlowID":"FL_4","URL":"https:\/\/qlb.vpal.io\/adaptive_engine\/get_explanation_for_student","RequestParams":[{"key":"id","value":"${e:\/\/Field\/questionId}"},{"key":"answer_id","value":"${q:\/\/QID1\/SelectedChoicesRecode}"},{"key":"student_id","value":"${e:\/\/Field\/student_id}"}],"ResponseMap":[{"key":"explanation","value":"explanation"},{"key":"explanation_id","value":"explanationid"}],"FireAndForget":false},{"Type":"Standard","ID":"BL_74ck5ENUGkNfNJP","FlowID":"FL_5"},{"Type":"WebService","FlowID":"FL_6","URL":"https:\/\/qlb.vpal.io\/adaptive_engine\/submit_result_of_explanation","RequestParams":[{"key":"QuestionID","value":"${e:\/\/Field\/questionId}"},{"key":"answer","value":"${q:\/\/QID1\/SelectedChoicesRecode}"},{"key":"student_id","value":"${e:\/\/Field\/student_id}"},{"key":"result","value":"${q:\/\/QID3\/SelectedChoicesRecode}"},{"key":"explanation_id","value":"${e:\/\/Field\/explanationid}"}],"ResponseMap":[],"FireAndForget":false},{"Type":"Branch","FlowID":"FL_8","Description":"New Branch","BranchLogic":{"0":{"0":{"LogicType":"EmbeddedField","LeftOperand":"${q:\/\/QID3\/SelectedChoicesRecode}","Operator":"EqualTo","RightOperand":"${e:\/\/Field\/correctAnswerId}","_HiddenExpression":false,"Type":"Expression","Description":"<span class=\"ConjDesc\">If<\/span> <span class=\"QuestionDesc\"><\/span> <span class=\"LeftOpDesc\">${q:\/\/QID3\/SelectedChoicesRecode}<\/span> Is <span class=\"OpDesc\">Equal to<\/span> <span class=\"RightOpDesc\"> ${e:\/\/Field\/correctAnswerId} <\/span>"},"Type":"If"},"Type":"BooleanExpression"},"Flow":[{"Type":"EmbeddedData","FlowID":"FL_9","EmbeddedData":[{"Description":"grade","Type":"Custom","Field":"grade","VariableType":"Nominal","Value":"1"}]}]},{"Type":"WebService","FlowID":"FL_10","URL":"http:\/\/XX GRADE PASSBACK","RequestParams":[{"key":"user_id","value":"${e:\/\/Field\/user_id}"},{"key":"resource_id","value":"${e:\/\/Field\/resource_id}"},{"key":"grade","value":"${e:\/\/Field\/grade}"}],"ResponseMap":[],"FireAndForget":false}],"Properties":{"Count":10}}},{"SurveyID":"SV_3mG3nOhL8du7DlX","Element":"SO","PrimaryAttribute":"Survey Options","SecondaryAttribute":null,"TertiaryAttribute":null,"Payload":{"BackButton":"false","SaveAndContinue":"true","SurveyProtection":"PublicSurvey","BallotBoxStuffingPrevention":"false","NoIndex":"Yes","SecureResponseFiles":"true","SurveyExpiration":"None","SurveyTermination":"DefaultMessage","Header":"","Footer":"","ProgressBarDisplay":"None","PartialData":"+1 week","ValidationMessage":"","PreviousButton":"  <<  ","NextButton":"  >>  ","SkinLibrary":"harvard","SkinType":"MQ","Skin":"harvard20","NewScoring":1}},{"SurveyID":"SV_3mG3nOhL8du7DlX","Element":"SCO","PrimaryAttribute":"Scoring","SecondaryAttribute":null,"TertiaryAttribute":null,"Payload":{"ScoringCategories":[],"ScoringCategoryGroups":[],"ScoringSummaryCategory":null,"ScoringSummaryAfterQuestions":0,"ScoringSummaryAfterSurvey":0,"DefaultScoringCategory":null,"AutoScoringCategory":null}},{"SurveyID":"SV_3mG3nOhL8du7DlX","Element":"STAT","PrimaryAttribute":"Survey Statistics","SecondaryAttribute":null,"TertiaryAttribute":null,"Payload":{"MobileCompatible":true,"ID":"Survey Statistics"}},{"SurveyID":"SV_3mG3nOhL8du7DlX","Element":"SQ","PrimaryAttribute":"QID1","SecondaryAttribute":"${e:\/\/Field\/questionText}","TertiaryAttribute":null,"Payload":{"QuestionText":"${e:\/\/Field\/questionText}","DataExportTag":"Q1","QuestionType":"MC","Selector":"SAVR","SubSelector":"TX","Configuration":{"QuestionDescriptionOption":"UseText"},"QuestionDescription":"${e:\/\/Field\/questionText}","Choices":{"1":{"Display":"${e:\/\/Field\/answer1}"},"2":{"Display":"${e:\/\/Field\/answer2}"},"3":{"Display":"${e:\/\/Field\/answer3}"},"4":{"Display":"${e:\/\/Field\/answer4}"}},"ChoiceOrder":[1,2,3,4],"Validation":{"Settings":{"ForceResponse":"OFF","ForceResponseType":"ON","Type":"None"}},"Language":[],"QuestionID":"QID1"}},{"SurveyID":"SV_3mG3nOhL8du7DlX","Element":"QC","PrimaryAttribute":"Survey Question Count","SecondaryAttribute":"7","TertiaryAttribute":null,"Payload":null},{"SurveyID":"SV_3mG3nOhL8du7DlX","Element":"SQ","PrimaryAttribute":"QID6","SecondaryAttribute":"Browser Meta Info","TertiaryAttribute":null,"Payload":{"QuestionText":"Browser Meta Info","DefaultChoices":false,"DataExportTag":"Q6","QuestionType":"Meta","Selector":"Browser","Configuration":{"QuestionDescriptionOption":"UseText"},"QuestionDescription":"Browser Meta Info","Choices":{"1":{"Display":"Browser","TextEntry":1},"2":{"Display":"Version","TextEntry":1},"3":{"Display":"Operating System","TextEntry":1},"4":{"Display":"Screen Resolution","TextEntry":1},"5":{"Display":"Flash Version","TextEntry":1},"6":{"Display":"Java Support","TextEntry":1},"7":{"Display":"User Agent","TextEntry":1}},"GradingData":[],"Language":[],"QuestionID":"QID6"}},{"SurveyID":"SV_3mG3nOhL8du7DlX","Element":"SQ","PrimaryAttribute":"QID4","SecondaryAttribute":"Click to write the question text","TertiaryAttribute":null,"Payload":{"QuestionText":"Click to write the question text","DataExportTag":"Q4","QuestionType":"MC","Selector":"SAVR","SubSelector":"TX","Configuration":{"QuestionDescriptionOption":"UseText"},"QuestionDescription":"Click to write the question text","Choices":{"1":{"Display":"Click to write Choice 1"},"2":{"Display":"Click to write Choice 2"},"3":{"Display":"Click to write Choice 3"}},"ChoiceOrder":["1","2","3"],"Validation":{"Settings":{"ForceResponse":"OFF","ForceResponseType":"ON","Type":"None"}},"Language":[],"QuestionID":"QID4"}},{"SurveyID":"SV_3mG3nOhL8du7DlX","Element":"RS","PrimaryAttribute":"RS_3Q8YTEkbRul8BIF","SecondaryAttribute":"Default Response Set","TertiaryAttribute":null,"Payload":null},{"SurveyID":"SV_3mG3nOhL8du7DlX","Element":"SQ","PrimaryAttribute":"QID3","SecondaryAttribute":"Here's an explanation about why that answer is correct or incorrect: ${e:\/\/Field\/explanation} How...","TertiaryAttribute":null,"Payload":{"QuestionText":"Here's an explanation about why that answer is correct or incorrect:<div><br><\/div><div>${e:\/\/Field\/explanation}<\/div><div><br><\/div><div>How would you rate the explanation above?<\/div>","DataExportTag":"Q3","QuestionType":"MC","Selector":"SAHR","SubSelector":"TX","Configuration":{"QuestionDescriptionOption":"UseText","LabelPosition":"BELOW"},"QuestionDescription":"Here's an explanation about why that answer is correct or incorrect: ${e:\/\/Field\/explanation} How...","Choices":{"1":{"Display":"Completely Unhelpful <br> 1"},"2":{"Display":"2"},"3":{"Display":"3"},"4":{"Display":"4"},"5":{"Display":"5"},"6":{"Display":"6"},"7":{"Display":"Perfectly Helpful <br> 7"}},"ChoiceOrder":[1,2,3,4,5,6,7],"Validation":{"Settings":{"ForceResponse":"OFF","ForceResponseType":"ON","Type":"None"}},"Language":[],"QuestionID":"QID3"}},{"SurveyID":"SV_3mG3nOhL8du7DlX","Element":"SQ","PrimaryAttribute":"QID5","SecondaryAttribute":"Timing","TertiaryAttribute":null,"Payload":{"QuestionText":"Timing","DefaultChoices":false,"DataExportTag":"Q5","QuestionType":"Timing","Selector":"PageTimer","Configuration":{"QuestionDescriptionOption":"UseText","MinSeconds":"0","MaxSeconds":"0"},"QuestionDescription":"Timing","Choices":{"1":{"Display":"First Click"},"2":{"Display":"Last Click"},"3":{"Display":"Page Submit"},"4":{"Display":"Click Count"}},"GradingData":[],"Language":[],"QuestionID":"QID5"}},{"SurveyID":"SV_3mG3nOhL8du7DlX","Element":"SQ","PrimaryAttribute":"QID7","SecondaryAttribute":"Timing","TertiaryAttribute":null,"Payload":{"QuestionText":"Timing","DefaultChoices":false,"DataExportTag":"Q7","QuestionType":"Timing","Selector":"PageTimer","Configuration":{"QuestionDescriptionOption":"UseText","MinSeconds":"0","MaxSeconds":"0"},"QuestionDescription":"Timing","Choices":{"1":{"Display":"First Click"},"2":{"Display":"Last Click"},"3":{"Display":"Page Submit"},"4":{"Display":"Click Count"}},"GradingData":[],"Language":[],"QuestionID":"QID7"}},{"SurveyID":"SV_3mG3nOhL8du7DlX","Element":"SQ","PrimaryAttribute":"QID2","SecondaryAttribute":"You selected: ","TertiaryAttribute":null,"Payload":{"QuestionText":"You selected:&nbsp;","DataExportTag":"Q2","QuestionType":"MC","Selector":"SAVR","SubSelector":"TX","Configuration":{"QuestionDescriptionOption":"UseText"},"QuestionDescription":"You selected: ","Choices":[],"ChoiceOrder":[],"Validation":{"Settings":{"ForceResponse":"OFF","ForceResponseType":"ON","Type":"None"}},"Language":[],"QuestionID":"QID2","DynamicChoices":{"DynamicType":"ChoiceGroup","Locator":"q:\/\/QID1\/ChoiceGroup\/SelectedChoices","Type":"Dynamic"},"DynamicChoicesData":[]}}]}